
Microsoft Visual Studio Solution File, Format Version 12.00
# Visual Studio Version 17
VisualStudioVersion = 17.14.37328.6 d17.14
MinimumVisualStudioVersion = 10.0.40219.1
Project("{FAE04EC0-301F-11D3-BF4B-00C04F79EFBC}") = "MyConsoleApp", "MyConsoleApp.csproj", "{F3A036BA-416A-4BBC-8BE7-AF6C7BF57A4C}"
EndProject
Global
	GlobalSection(SolutionConfigurationPlatforms) = preSolution
		Debug|Any CPU = Debug|Any CPU
		Release|Any CPU = Release|Any CPU
	EndGlobalSection
	GlobalSection(ProjectConfigurationPlatforms) = postSolution
		{F3A036BA-416A-4BBC-8BE7-AF6C7BF57A4C}.Debug|Any CPU.ActiveCfg = Debug|Any CPU
		{F3A036BA-416A-4BBC-8BE7-AF6C7BF57A4C}.Debug|Any CPU.Build.0 = Debug|Any CPU
		{F3A036BA-416A-4BBC-8BE7-AF6C7BF57A4C}.Release|Any CPU.ActiveCfg = Release|Any CPU
		{F3A036BA-416A-4BBC-8BE7-AF6C7BF57A4C}.Release|Any CPU.Build.0 = Release|Any CPU
	EndGlobalSection
	GlobalSection(SolutionProperties) = preSolution
		HideSolutionNode = FALSE
	EndGlobalSection
	GlobalSection(ExtensibilityGlobals) = postSolution
		SolutionGuid = {DF09F461-FC71-4271-B1D3-960264BD7C65}
	EndGlobalSection
EndGlobal
